{
  "name": "server",
  "lockfileVersion": 3,
  "requires": true,
  "packages": {
    "": {
      "dependencies": {
        "pure-http": "^3.3.4"
      }
    },
    "node_modules/pure-http": {
      "version": "3.3.4",
      "resolved": "https://registry.npmjs.org/pure-http/-/pure-http-3.3.4.tgz",
      "integrity": "sha512-/RcvFtOGxYI+ZrCZR2PUDPFHYS2pE0PJ+R9lKktJbb1NY99LjrK66iEnzdq/bFE/CY/3oLavn1npO0y1hPBlTw==",
      "engines": {
        "node": ">= 10.12.0"
      }
    }
  }
}
